
Microsoft Visual Studio Solution File, Format Version 12.00
# Visual Studio Version 16
VisualStudioVersion = 16.0.30406.217
MinimumVisualStudioVersion = 10.0.40219.1
Project("{FAE04EC0-301F-11D3-BF4B-00C04F79EFBC}") = "Task2", "Task2\Task2.csproj", "{2AF804AD-1F61-4F00-A1D3-C1D0DF0646AE}"
EndProject
Global
	GlobalSection(SolutionConfigurationPlatforms) = preSolution
		Debug|Any CPU = Debug|Any CPU
		Release|Any CPU = Release|Any CPU
	EndGlobalSection
	GlobalSection(ProjectConfigurationPlatforms) = postSolution
		{2AF804AD-1F61-4F00-A1D3-C1D0DF0646AE}.Debug|Any CPU.ActiveCfg = Debug|Any CPU
		{2AF804AD-1F61-4F00-A1D3-C1D0DF0646AE}.Debug|Any CPU.Build.0 = Debug|Any CPU
		{2AF804AD-1F61-4F00-A1D3-C1D0DF0646AE}.Release|Any CPU.ActiveCfg = Release|Any CPU
		{2AF804AD-1F61-4F00-A1D3-C1D0DF0646AE}.Release|Any CPU.Build.0 = Release|Any CPU
	EndGlobalSection
	GlobalSection(SolutionProperties) = preSolution
		HideSolutionNode = FALSE
	EndGlobalSection
	GlobalSection(ExtensibilityGlobals) = postSolution
		SolutionGuid = {B3C2D144-D137-4730-846F-F20690C39B2A}
	EndGlobalSection
EndGlobal
